<?xml version="1.0" encoding="utf-8"?>
<Project ToolsVersion="4.0" xmlns="http://schemas.microsoft.com/developer/msbuild/2003">
  <ItemGroup>
    <Filter Include="Source Files">
      <UniqueIdentifier>{4FC737F1-C7A5-4376-A066-2A32D752A2FF}</UniqueIdentifier>
      <Extensions>cpp;c;cc;cxx;def;odl;idl;hpj;bat;asm;asmx</Extensions>
    </Filter>
    <Filter Include="Resource Files">
      <UniqueIdentifier>{67DA6AB6-F800-4c08-8B7A-83BB121AAD01}</UniqueIdentifier>
      <Extensions>rc;ico;cur;bmp;dlg;rc2;rct;bin;rgs;gif;jpg;jpeg;jpe;resx;tiff;tif;png;wav;mfcribbon-ms</Extensions>
    </Filter>
    <Filter Include="Shaders">
      <UniqueIdentifier>{25d78690-f0f7-460f-b6bd-e844b500929d}</UniqueIdentifier>
    </Filter>
    <Filter Include="Objects">
      <UniqueIdentifier>{fe542945-1370-47d4-b46a-0c546fff2a11}</UniqueIdentifier>
    </Filter>
    <Filter Include="Managers">
      <UniqueIdentifier>{62008505-214b-41d0-99b5-6bf482d41114}</UniqueIdentifier>
    </Filter>
    <Filter Include="Helpers">
      <UniqueIdentifier>{535dae91-db03-4129-a4d3-1ce1b1995763}</UniqueIdentifier>
    </Filter>
  </ItemGroup>
  <ItemGroup>
    <None Include="packages.config" />
    <None Include="fragmentShader.glsl">
      <Filter>Shaders</Filter>
    </None>
    <None Include="vertexShader.glsl">
      <Filter>Shaders</Filter>
    </None>
    <None Include="fs_blue.glsl">
      <Filter>Shaders</Filter>
    </None>
    <None Include="fragment_texture.glsl">
      <Filter>Shaders</Filter>
    </None>
    <None Include="vertex_texture.glsl">
      <Filter>Shaders</Filter>
    </None>
    <None Include="fragment_explosion.glsl">
      <Filter>Shaders</Filter>
    </None>
    <None Include="fragment_transparent.glsl">
      <Filter>Shaders</Filter>
    </None>
    <None Include="fragment_jovian.glsl">
      <Filter>Shaders</Filter>
    </None>
    <None Include="fragment_gameOver.glsl">
      <Filter>Shaders</Filter>
    </None>
  </ItemGroup>
  <ItemGroup>
    <ClCompile Include="main.cpp">
      <Filter>Source Files</Filter>
    </ClCompile>
    <ClCompile Include="ShaderManager.cpp">
      <Filter>Managers</Filter>
    </ClCompile>
    <ClCompile Include="stb_image.c">
      <Filter>Helpers</Filter>
    </ClCompile>
  </ItemGroup>
  <ItemGroup>
    <ClInclude Include="ShaderManager.h">
      <Filter>Managers</Filter>
    </ClInclude>
    <ClInclude Include="Object.h">
      <Filter>Objects</Filter>
    </ClInclude>
    <ClInclude Include="Maths.h">
      <Filter>Helpers</Filter>
    </ClInclude>
    <ClInclude Include="Triangle.h">
      <Filter>Objects</Filter>
    </ClInclude>
    <ClInclude Include="Quads.h">
      <Filter>Objects</Filter>
    </ClInclude>
    <ClInclude Include="TexturedQuads.h">
      <Filter>Objects</Filter>
    </ClInclude>
    <ClInclude Include="Scene.h">
      <Filter>Managers</Filter>
    </ClInclude>
    <ClInclude Include="Texture.h">
      <Filter>Objects</Filter>
    </ClInclude>
    <ClInclude Include="MixedObjects.h">
      <Filter>Objects</Filter>
    </ClInclude>
  </ItemGroup>
</Project>